// !$*UTF8*$!
{
	archiveVersion = 1;
	classes = {
	};
	objectVersion = 50;
	objects = {

/* Begin PBXBuildFile section */
		463ACA8A5BE73C588329861E /* libPods-phev-odb2.a in Frameworks */ = {isa = PBXBuildFile; fileRef = AD935A54AC7618C99A6A7140 /* libPods-phev-odb2.a */; };
		BF468F753FFC18AC1A5A69CA /* libPods-phev-odb2Tests.a in Frameworks */ = {isa = PBXBuildFile; fileRef = 8C27CEF1A8492398F2E3FB26 /* libPods-phev-odb2Tests.a */; };
		C7BF464A1647D03149CEECCF /* libPods-phev-odb2-phev-odb2UITests.a in Frameworks */ = {isa = PBXBuildFile; fileRef = DE9BC04F37BE07D483DE2E19 /* libPods-phev-odb2-phev-odb2UITests.a */; };
		D0688AA424136750008F2DF1 /* Main.storyboard in Resources */ = {isa = PBXBuildFile; fileRef = D0688AA224136750008F2DF1 /* Main.storyboard */; };
		D0688AA624136812008F2DF1 /* ViewController.swift in Sources */ = {isa = PBXBuildFile; fileRef = D0688AA524136812008F2DF1 /* ViewController.swift */; };
		D0688AF42414C0A1008F2DF1 /* ObdPeripheral.swift in Sources */ = {isa = PBXBuildFile; fileRef = D0688AF32414C0A1008F2DF1 /* ObdPeripheral.swift */; };
		D08AEF7924132E1F0091F6E7 /* AppDelegate.swift in Sources */ = {isa = PBXBuildFile; fileRef = D08AEF7824132E1F0091F6E7 /* AppDelegate.swift */; };
		D08AEF7B24132E1F0091F6E7 /* SceneDelegate.swift in Sources */ = {isa = PBXBuildFile; fileRef = D08AEF7A24132E1F0091F6E7 /* SceneDelegate.swift */; };
		D08AEF8224132E260091F6E7 /* Assets.xcassets in Resources */ = {isa = PBXBuildFile; fileRef = D08AEF8124132E260091F6E7 /* Assets.xcassets */; };
		D08AEF8524132E260091F6E7 /* LaunchScreen.storyboard in Resources */ = {isa = PBXBuildFile; fileRef = D08AEF8324132E260091F6E7 /* LaunchScreen.storyboard */; };
		D08AEF9024132E260091F6E7 /* phev_odb2Tests.swift in Sources */ = {isa = PBXBuildFile; fileRef = D08AEF8F24132E260091F6E7 /* phev_odb2Tests.swift */; };
		D08AEF9B24132E270091F6E7 /* phev_odb2UITests.swift in Sources */ = {isa = PBXBuildFile; fileRef = D08AEF9A24132E270091F6E7 /* phev_odb2UITests.swift */; };
/* End PBXBuildFile section */

/* Begin PBXContainerItemProxy section */
		D08AEF8C24132E260091F6E7 /* PBXContainerItemProxy */ = {
			isa = PBXContainerItemProxy;
			containerPortal = D08AEF6D24132E1F0091F6E7 /* Project object */;
			proxyType = 1;
			remoteGlobalIDString = D08AEF7424132E1F0091F6E7;
			remoteInfo = "phev-odb2";
		};
		D08AEF9724132E260091F6E7 /* PBXContainerItemProxy */ = {
			isa = PBXContainerItemProxy;
			containerPortal = D08AEF6D24132E1F0091F6E7 /* Project object */;
			proxyType = 1;
			remoteGlobalIDString = D08AEF7424132E1F0091F6E7;
			remoteInfo = "phev-odb2";
		};
/* End PBXContainerItemProxy section */

/* Begin PBXFileReference section */
		1820CB5436CC9CC248F05FDC /* Pods-phev-odb2-phev-odb2UITests.release.xcconfig */ = {isa = PBXFileReference; includeInIndex = 1; lastKnownFileType = text.xcconfig; name = "Pods-phev-odb2-phev-odb2UITests.release.xcconfig"; path = "Target Support Files/Pods-phev-odb2-phev-odb2UITests/Pods-phev-odb2-phev-odb2UITests.release.xcconfig"; sourceTree = "<group>"; };
		25AF5B606917C58564E23619 /* Pods-phev-odb2Tests.debug.xcconfig */ = {isa = PBXFileReference; includeInIndex = 1; lastKnownFileType = text.xcconfig; name = "Pods-phev-odb2Tests.debug.xcconfig"; path = "Target Support Files/Pods-phev-odb2Tests/Pods-phev-odb2Tests.debug.xcconfig"; sourceTree = "<group>"; };
		3389494A03A9EB2B1CB1828E /* Pods-phev-odb2Tests.release.xcconfig */ = {isa = PBXFileReference; includeInIndex = 1; lastKnownFileType = text.xcconfig; name = "Pods-phev-odb2Tests.release.xcconfig"; path = "Target Support Files/Pods-phev-odb2Tests/Pods-phev-odb2Tests.release.xcconfig"; sourceTree = "<group>"; };
		3AD02B4BA193FBB7A367579E /* Pods_phev_odb2.framework */ = {isa = PBXFileReference; explicitFileType = wrapper.framework; includeInIndex = 0; path = Pods_phev_odb2.framework; sourceTree = BUILT_PRODUCTS_DIR; };
		3C430CB11EDEFEF53B210CFA /* Pods-phev-odb2.debug.xcconfig */ = {isa = PBXFileReference; includeInIndex = 1; lastKnownFileType = text.xcconfig; name = "Pods-phev-odb2.debug.xcconfig"; path = "Target Support Files/Pods-phev-odb2/Pods-phev-odb2.debug.xcconfig"; sourceTree = "<group>"; };
		5188003705E0249B1F97010B /* Pods-phev-odb2-phev-odb2UITests.debug.xcconfig */ = {isa = PBXFileReference; includeInIndex = 1; lastKnownFileType = text.xcconfig; name = "Pods-phev-odb2-phev-odb2UITests.debug.xcconfig"; path = "Target Support Files/Pods-phev-odb2-phev-odb2UITests/Pods-phev-odb2-phev-odb2UITests.debug.xcconfig"; sourceTree = "<group>"; };
		704FA4266D0892A0383D97B2 /* Pods-phev-odb2.release.xcconfig */ = {isa = PBXFileReference; includeInIndex = 1; lastKnownFileType = text.xcconfig; name = "Pods-phev-odb2.release.xcconfig"; path = "Target Support Files/Pods-phev-odb2/Pods-phev-odb2.release.xcconfig"; sourceTree = "<group>"; };
		8C27CEF1A8492398F2E3FB26 /* libPods-phev-odb2Tests.a */ = {isa = PBXFileReference; explicitFileType = archive.ar; includeInIndex = 0; path = "libPods-phev-odb2Tests.a"; sourceTree = BUILT_PRODUCTS_DIR; };
		AD935A54AC7618C99A6A7140 /* libPods-phev-odb2.a */ = {isa = PBXFileReference; explicitFileType = archive.ar; includeInIndex = 0; path = "libPods-phev-odb2.a"; sourceTree = BUILT_PRODUCTS_DIR; };
		D0688AA324136750008F2DF1 /* Base */ = {isa = PBXFileReference; lastKnownFileType = file.storyboard; name = Base; path = Base.lproj/Main.storyboard; sourceTree = "<group>"; };
		D0688AA524136812008F2DF1 /* ViewController.swift */ = {isa = PBXFileReference; fileEncoding = 4; lastKnownFileType = sourcecode.swift; path = ViewController.swift; sourceTree = "<group>"; };
		D0688AF32414C0A1008F2DF1 /* ObdPeripheral.swift */ = {isa = PBXFileReference; lastKnownFileType = sourcecode.swift; path = ObdPeripheral.swift; sourceTree = "<group>"; };
		D08AEF7524132E1F0091F6E7 /* phev-odb2.app */ = {isa = PBXFileReference; explicitFileType = wrapper.application; includeInIndex = 0; path = "phev-odb2.app"; sourceTree = BUILT_PRODUCTS_DIR; };
		D08AEF7824132E1F0091F6E7 /* AppDelegate.swift */ = {isa = PBXFileReference; lastKnownFileType = sourcecode.swift; path = AppDelegate.swift; sourceTree = "<group>"; };
		D08AEF7A24132E1F0091F6E7 /* SceneDelegate.swift */ = {isa = PBXFileReference; lastKnownFileType = sourcecode.swift; path = SceneDelegate.swift; sourceTree = "<group>"; };
		D08AEF8124132E260091F6E7 /* Assets.xcassets */ = {isa = PBXFileReference; lastKnownFileType = folder.assetcatalog; path = Assets.xcassets; sourceTree = "<group>"; };
		D08AEF8424132E260091F6E7 /* Base */ = {isa = PBXFileReference; lastKnownFileType = file.storyboard; name = Base; path = Base.lproj/LaunchScreen.storyboard; sourceTree = "<group>"; };
		D08AEF8624132E260091F6E7 /* Info.plist */ = {isa = PBXFileReference; lastKnownFileType = text.plist.xml; path = Info.plist; sourceTree = "<group>"; };
		D08AEF8B24132E260091F6E7 /* phev-odb2Tests.xctest */ = {isa = PBXFileReference; explicitFileType = wrapper.cfbundle; includeInIndex = 0; path = "phev-odb2Tests.xctest"; sourceTree = BUILT_PRODUCTS_DIR; };
		D08AEF8F24132E260091F6E7 /* phev_odb2Tests.swift */ = {isa = PBXFileReference; lastKnownFileType = sourcecode.swift; path = phev_odb2Tests.swift; sourceTree = "<group>"; };
		D08AEF9124132E260091F6E7 /* Info.plist */ = {isa = PBXFileReference; lastKnownFileType = text.plist.xml; path = Info.plist; sourceTree = "<group>"; };
		D08AEF9624132E260091F6E7 /* phev-odb2UITests.xctest */ = {isa = PBXFileReference; explicitFileType = wrapper.cfbundle; includeInIndex = 0; path = "phev-odb2UITests.xctest"; sourceTree = BUILT_PRODUCTS_DIR; };
		D08AEF9A24132E270091F6E7 /* phev_odb2UITests.swift */ = {isa = PBXFileReference; lastKnownFileType = sourcecode.swift; path = phev_odb2UITests.swift; sourceTree = "<group>"; };
		D08AEF9C24132E270091F6E7 /* Info.plist */ = {isa = PBXFileReference; lastKnownFileType = text.plist.xml; path = Info.plist; sourceTree = "<group>"; };
		DE9BC04F37BE07D483DE2E19 /* libPods-phev-odb2-phev-odb2UITests.a */ = {isa = PBXFileReference; explicitFileType = archive.ar; includeInIndex = 0; path = "libPods-phev-odb2-phev-odb2UITests.a"; sourceTree = BUILT_PRODUCTS_DIR; };
/* End PBXFileReference section */

/* Begin PBXFrameworksBuildPhase section */
		D08AEF7224132E1F0091F6E7 /* Frameworks */ = {
			isa = PBXFrameworksBuildPhase;
			buildActionMask = 2147483647;
			files = (
				463ACA8A5BE73C588329861E /* libPods-phev-odb2.a in Frameworks */,
			);
			runOnlyForDeploymentPostprocessing = 0;
		};
		D08AEF8824132E260091F6E7 /* Frameworks */ = {
			isa = PBXFrameworksBuildPhase;
			buildActionMask = 2147483647;
			files = (
				BF468F753FFC18AC1A5A69CA /* libPods-phev-odb2Tests.a in Frameworks */,
			);
			runOnlyForDeploymentPostprocessing = 0;
		};
		D08AEF9324132E260091F6E7 /* Frameworks */ = {
			isa = PBXFrameworksBuildPhase;
			buildActionMask = 2147483647;
			files = (
				C7BF464A1647D03149CEECCF /* libPods-phev-odb2-phev-odb2UITests.a in Frameworks */,
			);
			runOnlyForDeploymentPostprocessing = 0;
		};
/* End PBXFrameworksBuildPhase section */

/* Begin PBXGroup section */
		4901DF4B5CD510F1CCBF3044 /* Pods */ = {
			isa = PBXGroup;
			children = (
				3C430CB11EDEFEF53B210CFA /* Pods-phev-odb2.debug.xcconfig */,
				704FA4266D0892A0383D97B2 /* Pods-phev-odb2.release.xcconfig */,
				5188003705E0249B1F97010B /* Pods-phev-odb2-phev-odb2UITests.debug.xcconfig */,
				1820CB5436CC9CC248F05FDC /* Pods-phev-odb2-phev-odb2UITests.release.xcconfig */,
				25AF5B606917C58564E23619 /* Pods-phev-odb2Tests.debug.xcconfig */,
				3389494A03A9EB2B1CB1828E /* Pods-phev-odb2Tests.release.xcconfig */,
			);
			path = Pods;
			sourceTree = "<group>";
		};
		B9574A4401C26750640570F4 /* Frameworks */ = {
			isa = PBXGroup;
			children = (
				3AD02B4BA193FBB7A367579E /* Pods_phev_odb2.framework */,
				AD935A54AC7618C99A6A7140 /* libPods-phev-odb2.a */,
				DE9BC04F37BE07D483DE2E19 /* libPods-phev-odb2-phev-odb2UITests.a */,
				8C27CEF1A8492398F2E3FB26 /* libPods-phev-odb2Tests.a */,
			);
			name = Frameworks;
			sourceTree = "<group>";
		};
		D08AEF6C24132E1F0091F6E7 = {
			isa = PBXGroup;
			children = (
				D08AEF7724132E1F0091F6E7 /* phev-odb2 */,
				D08AEF8E24132E260091F6E7 /* phev-odb2Tests */,
				D08AEF9924132E270091F6E7 /* phev-odb2UITests */,
				D08AEF7624132E1F0091F6E7 /* Products */,
				4901DF4B5CD510F1CCBF3044 /* Pods */,
				B9574A4401C26750640570F4 /* Frameworks */,
			);
			sourceTree = "<group>";
		};
		D08AEF7624132E1F0091F6E7 /* Products */ = {
			isa = PBXGroup;
			children = (
				D08AEF7524132E1F0091F6E7 /* phev-odb2.app */,
				D08AEF8B24132E260091F6E7 /* phev-odb2Tests.xctest */,
				D08AEF9624132E260091F6E7 /* phev-odb2UITests.xctest */,
			);
			name = Products;
			sourceTree = "<group>";
		};
		D08AEF7724132E1F0091F6E7 /* phev-odb2 */ = {
			isa = PBXGroup;
			children = (
				D08AEF7824132E1F0091F6E7 /* AppDelegate.swift */,
				D08AEF7A24132E1F0091F6E7 /* SceneDelegate.swift */,
				D0688AA524136812008F2DF1 /* ViewController.swift */,
				D08AEF8124132E260091F6E7 /* Assets.xcassets */,
				D0688AA224136750008F2DF1 /* Main.storyboard */,
				D08AEF8324132E260091F6E7 /* LaunchScreen.storyboard */,
				D08AEF8624132E260091F6E7 /* Info.plist */,
				D0688AF32414C0A1008F2DF1 /* ObdPeripheral.swift */,
			);
			path = "phev-odb2";
			sourceTree = "<group>";
		};
		D08AEF8E24132E260091F6E7 /* phev-odb2Tests */ = {
			isa = PBXGroup;
			children = (
				D08AEF8F24132E260091F6E7 /* phev_odb2Tests.swift */,
				D08AEF9124132E260091F6E7 /* Info.plist */,
			);
			path = "phev-odb2Tests";
			sourceTree = "<group>";
		};
		D08AEF9924132E270091F6E7 /* phev-odb2UITests */ = {
			isa = PBXGroup;
			children = (
				D08AEF9A24132E270091F6E7 /* phev_odb2UITests.swift */,
				D08AEF9C24132E270091F6E7 /* Info.plist */,
			);
			path = "phev-odb2UITests";
			sourceTree = "<group>";
		};
/* End PBXGroup section */

/* Begin PBXNativeTarget section */
		D08AEF7424132E1F0091F6E7 /* phev-odb2 */ = {
			isa = PBXNativeTarget;
			buildConfigurationList = D08AEF9F24132E270091F6E7 /* Build configuration list for PBXNativeTarget "phev-odb2" */;
			buildPhases = (
				F221791DA151176479DD7788 /* [CP] Check Pods Manifest.lock */,
				D08AEF7124132E1F0091F6E7 /* Sources */,
				D08AEF7224132E1F0091F6E7 /* Frameworks */,
				D08AEF7324132E1F0091F6E7 /* Resources */,
			);
			buildRules = (
			);
			dependencies = (
			);
			name = "phev-odb2";
			productName = "phev-odb2";
			productReference = D08AEF7524132E1F0091F6E7 /* phev-odb2.app */;
			productType = "com.apple.product-type.application";
		};
		D08AEF8A24132E260091F6E7 /* phev-odb2Tests */ = {
			isa = PBXNativeTarget;
			buildConfigurationList = D08AEFA224132E270091F6E7 /* Build configuration list for PBXNativeTarget "phev-odb2Tests" */;
			buildPhases = (
				B52B6802F14C1C8B4027C0E4 /* [CP] Check Pods Manifest.lock */,
				D08AEF8724132E260091F6E7 /* Sources */,
				D08AEF8824132E260091F6E7 /* Frameworks */,
				D08AEF8924132E260091F6E7 /* Resources */,
			);
			buildRules = (
			);
			dependencies = (
				D08AEF8D24132E260091F6E7 /* PBXTargetDependency */,
			);
			name = "phev-odb2Tests";
			productName = "phev-odb2Tests";
			productReference = D08AEF8B24132E260091F6E7 /* phev-odb2Tests.xctest */;
			productType = "com.apple.product-type.bundle.unit-test";
		};
		D08AEF9524132E260091F6E7 /* phev-odb2UITests */ = {
			isa = PBXNativeTarget;
			buildConfigurationList = D08AEFA524132E270091F6E7 /* Build configuration list for PBXNativeTarget "phev-odb2UITests" */;
			buildPhases = (
				75C6E96C84E74C14A88CA8B0 /* [CP] Check Pods Manifest.lock */,
				D08AEF9224132E260091F6E7 /* Sources */,
				D08AEF9324132E260091F6E7 /* Frameworks */,
				D08AEF9424132E260091F6E7 /* Resources */,
			);
			buildRules = (
			);
			dependencies = (
				D08AEF9824132E260091F6E7 /* PBXTargetDependency */,
			);
			name = "phev-odb2UITests";
			productName = "phev-odb2UITests";
			productReference = D08AEF9624132E260091F6E7 /* phev-odb2UITests.xctest */;
			productType = "com.apple.product-type.bundle.ui-testing";
		};
/* End PBXNativeTarget section */

/* Begin PBXProject section */
		D08AEF6D24132E1F0091F6E7 /* Project object */ = {
			isa = PBXProject;
			attributes = {
				LastSwiftUpdateCheck = 1130;
				LastUpgradeCheck = 1130;
				ORGANIZATIONNAME = "Peter Harry";
				TargetAttributes = {
					D08AEF7424132E1F0091F6E7 = {
						CreatedOnToolsVersion = 11.3.1;
					};
					D08AEF8A24132E260091F6E7 = {
						CreatedOnToolsVersion = 11.3.1;
						TestTargetID = D08AEF7424132E1F0091F6E7;
					};
					D08AEF9524132E260091F6E7 = {
						CreatedOnToolsVersion = 11.3.1;
						TestTargetID = D08AEF7424132E1F0091F6E7;
					};
				};
			};
			buildConfigurationList = D08AEF7024132E1F0091F6E7 /* Build configuration list for PBXProject "phev-odb2" */;
			compatibilityVersion = "Xcode 9.3";
			developmentRegion = en;
			hasScannedForEncodings = 0;
			knownRegions = (
				en,
				Base,
			);
			mainGroup = D08AEF6C24132E1F0091F6E7;
			productRefGroup = D08AEF7624132E1F0091F6E7 /* Products */;
			projectDirPath = "";
			projectRoot = "";
			targets = (
				D08AEF7424132E1F0091F6E7 /* phev-odb2 */,
				D08AEF8A24132E260091F6E7 /* phev-odb2Tests */,
				D08AEF9524132E260091F6E7 /* phev-odb2UITests */,
			);
		};
/* End PBXProject section */

/* Begin PBXResourcesBuildPhase section */
		D08AEF7324132E1F0091F6E7 /* Resources */ = {
			isa = PBXResourcesBuildPhase;
			buildActionMask = 2147483647;
			files = (
				D0688AA424136750008F2DF1 /* Main.storyboard in Resources */,
				D08AEF8524132E260091F6E7 /* LaunchScreen.storyboard in Resources */,
				D08AEF8224132E260091F6E7 /* Assets.xcassets in Resources */,
			);
			runOnlyForDeploymentPostprocessing = 0;
		};
		D08AEF8924132E260091F6E7 /* Resources */ = {
			isa = PBXResourcesBuildPhase;
			buildActionMask = 2147483647;
			files = (
			);
			runOnlyForDeploymentPostprocessing = 0;
		};
		D08AEF9424132E260091F6E7 /* Resources */ = {
			isa = PBXResourcesBuildPhase;
			buildActionMask = 2147483647;
			files = (
			);
			runOnlyForDeploymentPostprocessing = 0;
		};
/* End PBXResourcesBuildPhase section */

/* Begin PBXShellScriptBuildPhase section */
		75C6E96C84E74C14A88CA8B0 /* [CP] Check Pods Manifest.lock */ = {
			isa = PBXShellScriptBuildPhase;
			buildActionMask = 2147483647;
			files = (
			);
			inputFileListPaths = (
			);
			inputPaths = (
				"${PODS_PODFILE_DIR_PATH}/Podfile.lock",
				"${PODS_ROOT}/Manifest.lock",
			);
			name = "[CP] Check Pods Manifest.lock";
			outputFileListPaths = (
			);
			outputPaths = (
				"$(DERIVED_FILE_DIR)/Pods-phev-odb2-phev-odb2UITests-checkManifestLockResult.txt",
			);
			runOnlyForDeploymentPostprocessing = 0;
			shellPath = /bin/sh;
			shellScript = "diff \"${PODS_PODFILE_DIR_PATH}/Podfile.lock\" \"${PODS_ROOT}/Manifest.lock\" > /dev/null\nif [ $? != 0 ] ; then\n    # print error to STDERR\n    echo \"error: The sandbox is not in sync with the Podfile.lock. Run 'pod install' or update your CocoaPods installation.\" >&2\n    exit 1\nfi\n# This output is used by Xcode 'outputs' to avoid re-running this script phase.\necho \"SUCCESS\" > \"${SCRIPT_OUTPUT_FILE_0}\"\n";
			showEnvVarsInLog = 0;
		};
		B52B6802F14C1C8B4027C0E4 /* [CP] Check Pods Manifest.lock */ = {
			isa = PBXShellScriptBuildPhase;
			buildActionMask = 2147483647;
			files = (
			);
			inputFileListPaths = (
			);
			inputPaths = (
				"${PODS_PODFILE_DIR_PATH}/Podfile.lock",
				"${PODS_ROOT}/Manifest.lock",
			);
			name = "[CP] Check Pods Manifest.lock";
			outputFileListPaths = (
			);
			outputPaths = (
				"$(DERIVED_FILE_DIR)/Pods-phev-odb2Tests-checkManifestLockResult.txt",
			);
			runOnlyForDeploymentPostprocessing = 0;
			shellPath = /bin/sh;
			shellScript = "diff \"${PODS_PODFILE_DIR_PATH}/Podfile.lock\" \"${PODS_ROOT}/Manifest.lock\" > /dev/null\nif [ $? != 0 ] ; then\n    # print error to STDERR\n    echo \"error: The sandbox is not in sync with the Podfile.lock. Run 'pod install' or update your CocoaPods installation.\" >&2\n    exit 1\nfi\n# This output is used by Xcode 'outputs' to avoid re-running this script phase.\necho \"SUCCESS\" > \"${SCRIPT_OUTPUT_FILE_0}\"\n";
			showEnvVarsInLog = 0;
		};
		F221791DA151176479DD7788 /* [CP] Check Pods Manifest.lock */ = {
			isa = PBXShellScriptBuildPhase;
			buildActionMask = 2147483647;
			files = (
			);
			inputFileListPaths = (
			);
			inputPaths = (
				"${PODS_PODFILE_DIR_PATH}/Podfile.lock",
				"${PODS_ROOT}/Manifest.lock",
			);
			name = "[CP] Check Pods Manifest.lock";
			outputFileListPaths = (
			);
			outputPaths = (
				"$(DERIVED_FILE_DIR)/Pods-phev-odb2-checkManifestLockResult.txt",
			);
			runOnlyForDeploymentPostprocessing = 0;
			shellPath = /bin/sh;
			shellScript = "diff \"${PODS_PODFILE_DIR_PATH}/Podfile.lock\" \"${PODS_ROOT}/Manifest.lock\" > /dev/null\nif [ $? != 0 ] ; then\n    # print error to STDERR\n    echo \"error: The sandbox is not in sync with the Podfile.lock. Run 'pod install' or update your CocoaPods installation.\" >&2\n    exit 1\nfi\n# This output is used by Xcode 'outputs' to avoid re-running this script phase.\necho \"SUCCESS\" > \"${SCRIPT_OUTPUT_FILE_0}\"\n";
			showEnvVarsInLog = 0;
		};
/* End PBXShellScriptBuildPhase section */

/* Begin PBXSourcesBuildPhase section */
		D08AEF7124132E1F0091F6E7 /* Sources */ = {
			isa = PBXSourcesBuildPhase;
			buildActionMask = 2147483647;
			files = (
				D0688AA624136812008F2DF1 /* ViewController.swift in Sources */,
				D08AEF7924132E1F0091F6E7 /* AppDelegate.swift in Sources */,
				D08AEF7B24132E1F0091F6E7 /* SceneDelegate.swift in Sources */,
				D0688AF42414C0A1008F2DF1 /* ObdPeripheral.swift in Sources */,
			);
			runOnlyForDeploymentPostprocessing = 0;
		};
		D08AEF8724132E260091F6E7 /* Sources */ = {
			isa = PBXSourcesBuildPhase;
			buildActionMask = 2147483647;
			files = (
				D08AEF9024132E260091F6E7 /* phev_odb2Tests.swift in Sources */,
			);
			runOnlyForDeploymentPostprocessing = 0;
		};
		D08AEF9224132E260091F6E7 /* Sources */ = {
			isa = PBXSourcesBuildPhase;
			buildActionMask = 2147483647;
			files = (
				D08AEF9B24132E270091F6E7 /* phev_odb2UITests.swift in Sources */,
			);
			runOnlyForDeploymentPostprocessing = 0;
		};
/* End PBXSourcesBuildPhase section */

/* Begin PBXTargetDependency section */
		D08AEF8D24132E260091F6E7 /* PBXTargetDependency */ = {
			isa = PBXTargetDependency;
			target = D08AEF7424132E1F0091F6E7 /* phev-odb2 */;
			targetProxy = D08AEF8C24132E260091F6E7 /* PBXContainerItemProxy */;
		};
		D08AEF9824132E260091F6E7 /* PBXTargetDependency */ = {
			isa = PBXTargetDependency;
			target = D08AEF7424132E1F0091F6E7 /* phev-odb2 */;
			targetProxy = D08AEF9724132E260091F6E7 /* PBXContainerItemProxy */;
		};
/* End PBXTargetDependency section */

/* Begin PBXVariantGroup section */
		D0688AA224136750008F2DF1 /* Main.storyboard */ = {
			isa = PBXVariantGroup;
			children = (
				D0688AA324136750008F2DF1 /* Base */,
			);
			name = Main.storyboard;
			sourceTree = "<group>";
		};
		D08AEF8324132E260091F6E7 /* LaunchScreen.storyboard */ = {
			isa = PBXVariantGroup;
			children = (
				D08AEF8424132E260091F6E7 /* Base */,
			);
			name = LaunchScreen.storyboard;
			sourceTree = "<group>";
		};
/* End PBXVariantGroup section */

/* Begin XCBuildConfiguration section */
		D08AEF9D24132E270091F6E7 /* Debug */ = {
			isa = XCBuildConfiguration;
			buildSettings = {
				ALWAYS_SEARCH_USER_PATHS = NO;
				CLANG_ANALYZER_NONNULL = YES;
				CLANG_ANALYZER_NUMBER_OBJECT_CONVERSION = YES_AGGRESSIVE;
				CLANG_CXX_LANGUAGE_STANDARD = "gnu++14";
				CLANG_CXX_LIBRARY = "libc++";
				CLANG_ENABLE_MODULES = YES;
				CLANG_ENABLE_OBJC_ARC = YES;
				CLANG_ENABLE_OBJC_WEAK = YES;
				CLANG_WARN_BLOCK_CAPTURE_AUTORELEASING = YES;
				CLANG_WARN_BOOL_CONVERSION = YES;
				CLANG_WARN_COMMA = YES;
				CLANG_WARN_CONSTANT_CONVERSION = YES;
				CLANG_WARN_DEPRECATED_OBJC_IMPLEMENTATIONS = YES;
				CLANG_WARN_DIRECT_OBJC_ISA_USAGE = YES_ERROR;
				CLANG_WARN_DOCUMENTATION_COMMENTS = YES;
				CLANG_WARN_EMPTY_BODY = YES;
				CLANG_WARN_ENUM_CONVERSION = YES;
				CLANG_WARN_INFINITE_RECURSION = YES;
				CLANG_WARN_INT_CONVERSION = YES;
				CLANG_WARN_NON_LITERAL_NULL_CONVERSION = YES;
				CLANG_WARN_OBJC_IMPLICIT_RETAIN_SELF = YES;
				CLANG_WARN_OBJC_LITERAL_CONVERSION = YES;
				CLANG_WARN_OBJC_ROOT_CLASS = YES_ERROR;
				CLANG_WARN_RANGE_LOOP_ANALYSIS = YES;
				CLANG_WARN_STRICT_PROTOTYPES = YES;
				CLANG_WARN_SUSPICIOUS_MOVE = YES;
				CLANG_WARN_UNGUARDED_AVAILABILITY = YES_AGGRESSIVE;
				CLANG_WARN_UNREACHABLE_CODE = YES;
				CLANG_WARN__DUPLICATE_METHOD_MATCH = YES;
				COPY_PHASE_STRIP = NO;
				DEBUG_INFORMATION_FORMAT = dwarf;
				ENABLE_STRICT_OBJC_MSGSEND = YES;
				ENABLE_TESTABILITY = YES;
				GCC_C_LANGUAGE_STANDARD = gnu11;
				GCC_DYNAMIC_NO_PIC = NO;
				GCC_NO_COMMON_BLOCKS = YES;
				GCC_OPTIMIZATION_LEVEL = 0;
				GCC_PREPROCESSOR_DEFINITIONS = (
					"DEBUG=1",
					"$(inherited)",
				);
				GCC_WARN_64_TO_32_BIT_CONVERSION = YES;
				GCC_WARN_ABOUT_RETURN_TYPE = YES_ERROR;
				GCC_WARN_UNDECLARED_SELECTOR = YES;
				GCC_WARN_UNINITIALIZED_AUTOS = YES_AGGRESSIVE;
				GCC_WARN_UNUSED_FUNCTION = YES;
				GCC_WARN_UNUSED_VARIABLE = YES;
				IPHONEOS_DEPLOYMENT_TARGET = 13.0;
				MTL_ENABLE_DEBUG_INFO = INCLUDE_SOURCE;
				MTL_FAST_MATH = YES;
				ONLY_ACTIVE_ARCH = YES;
				SDKROOT = iphoneos;
				SWIFT_ACTIVE_COMPILATION_CONDITIONS = DEBUG;
				SWIFT_OPTIMIZATION_LEVEL = "-Onone";
			};
			name = Debug;
		};
		D08AEF9E24132E270091F6E7 /* Release */ = {
			isa = XCBuildConfiguration;
			buildSettings = {
				ALWAYS_SEARCH_USER_PATHS = NO;
				CLANG_ANALYZER_NONNULL = YES;
				CLANG_ANALYZER_NUMBER_OBJECT_CONVERSION = YES_AGGRESSIVE;
				CLANG_CXX_LANGUAGE_STANDARD = "gnu++14";
				CLANG_CXX_LIBRARY = "libc++";
				CLANG_ENABLE_MODULES = YES;
				CLANG_ENABLE_OBJC_ARC = YES;
				CLANG_ENABLE_OBJC_WEAK = YES;
				CLANG_WARN_BLOCK_CAPTURE_AUTORELEASING = YES;
				CLANG_WARN_BOOL_CONVERSION = YES;
				CLANG_WARN_COMMA = YES;
				CLANG_WARN_CONSTANT_CONVERSION = YES;
				CLANG_WARN_DEPRECATED_OBJC_IMPLEMENTATIONS = YES;
				CLANG_WARN_DIRECT_OBJC_ISA_USAGE = YES_ERROR;
				CLANG_WARN_DOCUMENTATION_COMMENTS = YES;
				CLANG_WARN_EMPTY_BODY = YES;
				CLANG_WARN_ENUM_CONVERSION = YES;
				CLANG_WARN_INFINITE_RECURSION = YES;
				CLANG_WARN_INT_CONVERSION = YES;
				CLANG_WARN_NON_LITERAL_NULL_CONVERSION = YES;
				CLANG_WARN_OBJC_IMPLICIT_RETAIN_SELF = YES;
				CLANG_WARN_OBJC_LITERAL_CONVERSION = YES;
				CLANG_WARN_OBJC_ROOT_CLASS = YES_ERROR;
				CLANG_WARN_RANGE_LOOP_ANALYSIS = YES;
				CLANG_WARN_STRICT_PROTOTYPES = YES;
				CLANG_WARN_SUSPICIOUS_MOVE = YES;
				CLANG_WARN_UNGUARDED_AVAILABILITY = YES_AGGRESSIVE;
				CLANG_WARN_UNREACHABLE_CODE = YES;
				CLANG_WARN__DUPLICATE_METHOD_MATCH = YES;
				COPY_PHASE_STRIP = NO;
				DEBUG_INFORMATION_FORMAT = "dwarf-with-dsym";
				ENABLE_NS_ASSERTIONS = NO;
				ENABLE_STRICT_OBJC_MSGSEND = YES;
				GCC_C_LANGUAGE_STANDARD = gnu11;
				GCC_NO_COMMON_BLOCKS = YES;
				GCC_WARN_64_TO_32_BIT_CONVERSION = YES;
				GCC_WARN_ABOUT_RETURN_TYPE = YES_ERROR;
				GCC_WARN_UNDECLARED_SELECTOR = YES;
				GCC_WARN_UNINITIALIZED_AUTOS = YES_AGGRESSIVE;
				GCC_WARN_UNUSED_FUNCTION = YES;
				GCC_WARN_UNUSED_VARIABLE = YES;
				IPHONEOS_DEPLOYMENT_TARGET = 13.0;
				MTL_ENABLE_DEBUG_INFO = NO;
				MTL_FAST_MATH = YES;
				SDKROOT = iphoneos;
				SWIFT_COMPILATION_MODE = wholemodule;
				SWIFT_OPTIMIZATION_LEVEL = "-O";
				VALIDATE_PRODUCT = YES;
			};
			name = Release;
		};
		D08AEFA024132E270091F6E7 /* Debug */ = {
			isa = XCBuildConfiguration;
			baseConfigurationReference = 3C430CB11EDEFEF53B210CFA /* Pods-phev-odb2.debug.xcconfig */;
			buildSettings = {
				ASSETCATALOG_COMPILER_APPICON_NAME = AppIcon;
				CODE_SIGN_STYLE = Automatic;
				DEVELOPMENT_TEAM = KNRM248MZK;
				INFOPLIST_FILE = "phev-odb2/Info.plist";
				IPHONEOS_DEPLOYMENT_TARGET = 13.0;
				LD_RUNPATH_SEARCH_PATHS = (
					"$(inherited)",
					"@executable_path/Frameworks",
				);
				PRODUCT_BUNDLE_IDENTIFIER = "au.com.prenterprises.phev-odb2";
				PRODUCT_NAME = "$(TARGET_NAME)";
				SWIFT_VERSION = 5.0;
				TARGETED_DEVICE_FAMILY = "1,2";
			};
			name = Debug;
		};
		D08AEFA124132E270091F6E7 /* Release */ = {
			isa = XCBuildConfiguration;
			baseConfigurationReference = 704FA4266D0892A0383D97B2 /* Pods-phev-odb2.release.xcconfig */;
			buildSettings = {
				ASSETCATALOG_COMPILER_APPICON_NAME = AppIcon;
				CODE_SIGN_STYLE = Automatic;
				DEVELOPMENT_TEAM = KNRM248MZK;
				INFOPLIST_FILE = "phev-odb2/Info.plist";
				IPHONEOS_DEPLOYMENT_TARGET = 13.0;
				LD_RUNPATH_SEARCH_PATHS = (
					"$(inherited)",
					"@executable_path/Frameworks",
				);
				PRODUCT_BUNDLE_IDENTIFIER = "au.com.prenterprises.phev-odb2";
				PRODUCT_NAME = "$(TARGET_NAME)";
				SWIFT_VERSION = 5.0;
				TARGETED_DEVICE_FAMILY = "1,2";
			};
			name = Release;
		};
		D08AEFA324132E270091F6E7 /* Debug */ = {
			isa = XCBuildConfiguration;
			baseConfigurationReference = 25AF5B606917C58564E23619 /* Pods-phev-odb2Tests.debug.xcconfig */;
			buildSettings = {
				ALWAYS_EMBED_SWIFT_STANDARD_LIBRARIES = YES;
				BUNDLE_LOADER = "$(TEST_HOST)";
				CODE_SIGN_STYLE = Automatic;
				DEVELOPMENT_TEAM = KNRM248MZK;
				INFOPLIST_FILE = "phev-odb2Tests/Info.plist";
				IPHONEOS_DEPLOYMENT_TARGET = 13.2;
				LD_RUNPATH_SEARCH_PATHS = (
					"$(inherited)",
					"@executable_path/Frameworks",
					"@loader_path/Frameworks",
				);
				PRODUCT_BUNDLE_IDENTIFIER = "au.com.phenterprises.phev-odb2Tests";
				PRODUCT_NAME = "$(TARGET_NAME)";
				SWIFT_VERSION = 5.0;
				TARGETED_DEVICE_FAMILY = "1,2";
				TEST_HOST = "$(BUILT_PRODUCTS_DIR)/phev-odb2.app/phev-odb2";
			};
			name = Debug;
		};
		D08AEFA424132E270091F6E7 /* Release */ = {
			isa = XCBuildConfiguration;
			baseConfigurationReference = 3389494A03A9EB2B1CB1828E /* Pods-phev-odb2Tests.release.xcconfig */;
			buildSettings = {
				ALWAYS_EMBED_SWIFT_STANDARD_LIBRARIES = YES;
				BUNDLE_LOADER = "$(TEST_HOST)";
				CODE_SIGN_STYLE = Automatic;
				DEVELOPMENT_TEAM = KNRM248MZK;
				INFOPLIST_FILE = "phev-odb2Tests/Info.plist";
				IPHONEOS_DEPLOYMENT_TARGET = 13.2;
				LD_RUNPATH_SEARCH_PATHS = (
					"$(inherited)",
					"@executable_path/Frameworks",
					"@loader_path/Frameworks",
				);
				PRODUCT_BUNDLE_IDENTIFIER = "au.com.phenterprises.phev-odb2Tests";
				PRODUCT_NAME = "$(TARGET_NAME)";
				SWIFT_VERSION = 5.0;
				TARGETED_DEVICE_FAMILY = "1,2";
				TEST_HOST = "$(BUILT_PRODUCTS_DIR)/phev-odb2.app/phev-odb2";
			};
			name = Release;
		};
		D08AEFA624132E270091F6E7 /* Debug */ = {
			isa = XCBuildConfiguration;
			baseConfigurationReference = 5188003705E0249B1F97010B /* Pods-phev-odb2-phev-odb2UITests.debug.xcconfig */;
			buildSettings = {
				ALWAYS_EMBED_SWIFT_STANDARD_LIBRARIES = YES;
				"CODE_SIGN_IDENTITY[sdk=macosx*]" = "Apple Development";
				CODE_SIGN_STYLE = Automatic;
				DEVELOPMENT_TEAM = 8X8Q5W6WGK;
				INFOPLIST_FILE = "phev-odb2UITests/Info.plist";
				LD_RUNPATH_SEARCH_PATHS = (
					"$(inherited)",
					"@executable_path/Frameworks",
					"@loader_path/Frameworks",
				);
				PRODUCT_BUNDLE_IDENTIFIER = "au.com.phenterprises.phev-odb2UITests";
				PRODUCT_NAME = "$(TARGET_NAME)";
				SWIFT_VERSION = 5.0;
				TARGETED_DEVICE_FAMILY = "1,2";
				TEST_TARGET_NAME = "phev-odb2";
			};
			name = Debug;
		};
		D08AEFA724132E270091F6E7 /* Release */ = {
			isa = XCBuildConfiguration;
			baseConfigurationReference = 1820CB5436CC9CC248F05FDC /* Pods-phev-odb2-phev-odb2UITests.release.xcconfig */;
			buildSettings = {
				ALWAYS_EMBED_SWIFT_STANDARD_LIBRARIES = YES;
				"CODE_SIGN_IDENTITY[sdk=macosx*]" = "Apple Development";
				CODE_SIGN_STYLE = Automatic;
				DEVELOPMENT_TEAM = 8X8Q5W6WGK;
				INFOPLIST_FILE = "phev-odb2UITests/Info.plist";
				LD_RUNPATH_SEARCH_PATHS = (
					"$(inherited)",
					"@executable_path/Frameworks",
					"@loader_path/Frameworks",
				);
				PRODUCT_BUNDLE_IDENTIFIER = "au.com.phenterprises.phev-odb2UITests";
				PRODUCT_NAME = "$(TARGET_NAME)";
				SWIFT_VERSION = 5.0;
				TARGETED_DEVICE_FAMILY = "1,2";
				TEST_TARGET_NAME = "phev-odb2";
			};
			name = Release;
		};
/* End XCBuildConfiguration section */

/* Begin XCConfigurationList section */
		D08AEF7024132E1F0091F6E7 /* Build configuration list for PBXProject "phev-odb2" */ = {
			isa = XCConfigurationList;
			buildConfigurations = (
				D08AEF9D24132E270091F6E7 /* Debug */,
				D08AEF9E24132E270091F6E7 /* Release */,
			);
			defaultConfigurationIsVisible = 0;
			defaultConfigurationName = Release;
		};
		D08AEF9F24132E270091F6E7 /* Build configuration list for PBXNativeTarget "phev-odb2" */ = {
			isa = XCConfigurationList;
			buildConfigurations = (
				D08AEFA024132E270091F6E7 /* Debug */,
				D08AEFA124132E270091F6E7 /* Release */,
			);
			defaultConfigurationIsVisible = 0;
			defaultConfigurationName = Release;
		};
		D08AEFA224132E270091F6E7 /* Build configuration list for PBXNativeTarget "phev-odb2Tests" */ = {
			isa = XCConfigurationList;
			buildConfigurations = (
				D08AEFA324132E270091F6E7 /* Debug */,
				D08AEFA424132E270091F6E7 /* Release */,
			);
			defaultConfigurationIsVisible = 0;
			defaultConfigurationName = Release;
		};
		D08AEFA524132E270091F6E7 /* Build configuration list for PBXNativeTarget "phev-odb2UITests" */ = {
			isa = XCConfigurationList;
			buildConfigurations = (
				D08AEFA624132E270091F6E7 /* Debug */,
				D08AEFA724132E270091F6E7 /* Release */,
			);
			defaultConfigurationIsVisible = 0;
			defaultConfigurationName = Release;
		};
/* End XCConfigurationList section */
	};
	rootObject = D08AEF6D24132E1F0091F6E7 /* Project object */;
}
